
Microsoft Visual Studio Solution File, Format Version 12.00
# Visual Studio Version 17
VisualStudioVersion = 17.8.34309.116
MinimumVisualStudioVersion = 10.0.40219.1
Project("{FAE04EC0-301F-11D3-BF4B-00C04F79EFBC}") = "WorkTogether.DbLib", "WorkTogether.DbLib\WorkTogether.DbLib.csproj", "{C9994FD6-5221-4637-996F-2298569EBEE7}"
EndProject
Global
	GlobalSection(SolutionConfigurationPlatforms) = preSolution
		Debug|Any CPU = Debug|Any CPU
		Release|Any CPU = Release|Any CPU
	EndGlobalSection
	GlobalSection(ProjectConfigurationPlatforms) = postSolution
		{C9994FD6-5221-4637-996F-2298569EBEE7}.Debug|Any CPU.ActiveCfg = Debug|Any CPU
		{C9994FD6-5221-4637-996F-2298569EBEE7}.Debug|Any CPU.Build.0 = Debug|Any CPU
		{C9994FD6-5221-4637-996F-2298569EBEE7}.Release|Any CPU.ActiveCfg = Release|Any CPU
		{C9994FD6-5221-4637-996F-2298569EBEE7}.Release|Any CPU.Build.0 = Release|Any CPU
	EndGlobalSection
	GlobalSection(SolutionProperties) = preSolution
		HideSolutionNode = FALSE
	EndGlobalSection
	GlobalSection(ExtensibilityGlobals) = postSolution
		SolutionGuid = {7C8613AC-5A5B-4593-8139-F1C1563F4208}
	EndGlobalSection
EndGlobal
